// !$*UTF8*$!
{
	archiveVersion = 1;
	classes = {
	};
	objectVersion = 50;
	objects = {

/* Begin PBXBuildFile section */
		656DFA3B24249DEB00D7AF2A /* main.cpp in Sources */ = {isa = PBXBuildFile; fileRef = 656DFA3A24249DEB00D7AF2A /* main.cpp */; };
		6595B7422424B7B000816903 /* libopencv_plot.4.2.0.dylib in Frameworks */ = {isa = PBXBuildFile; fileRef = 6595B70E2424B7AD00816903 /* libopencv_plot.4.2.0.dylib */; };
		6595B7432424B7B000816903 /* libopencv_hfs.4.2.0.dylib in Frameworks */ = {isa = PBXBuildFile; fileRef = 6595B7102424B7AD00816903 /* libopencv_hfs.4.2.0.dylib */; };
		6595B7442424B7B000816903 /* libopencv_structured_light.4.2.0.dylib in Frameworks */ = {isa = PBXBuildFile; fileRef = 6595B7112424B7AD00816903 /* libopencv_structured_light.4.2.0.dylib */; };
		6595B7452424B7B000816903 /* libopencv_sfm.4.2.0.dylib in Frameworks */ = {isa = PBXBuildFile; fileRef = 6595B7122424B7AD00816903 /* libopencv_sfm.4.2.0.dylib */; };
		6595B7462424B7B000816903 /* libopencv_stereo.4.2.0.dylib in Frameworks */ = {isa = PBXBuildFile; fileRef = 6595B7132424B7AD00816903 /* libopencv_stereo.4.2.0.dylib */; };
		6595B7472424B7B000816903 /* libopencv_aruco.4.2.0.dylib in Frameworks */ = {isa = PBXBuildFile; fileRef = 6595B7142424B7AE00816903 /* libopencv_aruco.4.2.0.dylib */; };
		6595B7482424B7B000816903 /* libopencv_video.4.2.0.dylib in Frameworks */ = {isa = PBXBuildFile; fileRef = 6595B7152424B7AE00816903 /* libopencv_video.4.2.0.dylib */; };
		6595B7492424B7B000816903 /* libopencv_ximgproc.4.2.0.dylib in Frameworks */ = {isa = PBXBuildFile; fileRef = 6595B7172424B7AE00816903 /* libopencv_ximgproc.4.2.0.dylib */; };
		6595B74A2424B7B000816903 /* libopencv_objdetect.4.2.0.dylib in Frameworks */ = {isa = PBXBuildFile; fileRef = 6595B7182424B7AE00816903 /* libopencv_objdetect.4.2.0.dylib */; };
		6595B74B2424B7B000816903 /* libopencv_ml.4.2.0.dylib in Frameworks */ = {isa = PBXBuildFile; fileRef = 6595B7192424B7AE00816903 /* libopencv_ml.4.2.0.dylib */; };
		6595B74C2424B7B000816903 /* libopencv_highgui.4.2.0.dylib in Frameworks */ = {isa = PBXBuildFile; fileRef = 6595B71A2424B7AE00816903 /* libopencv_highgui.4.2.0.dylib */; };
		6595B74D2424B7B000816903 /* libopencv_tracking.4.2.0.dylib in Frameworks */ = {isa = PBXBuildFile; fileRef = 6595B71B2424B7AE00816903 /* libopencv_tracking.4.2.0.dylib */; };
		6595B74E2424B7B000816903 /* libopencv_stitching.4.2.0.dylib in Frameworks */ = {isa = PBXBuildFile; fileRef = 6595B71C2424B7AE00816903 /* libopencv_stitching.4.2.0.dylib */; };
		6595B74F2424B7B000816903 /* libopencv_features2d.4.2.0.dylib in Frameworks */ = {isa = PBXBuildFile; fileRef = 6595B71D2424B7AE00816903 /* libopencv_features2d.4.2.0.dylib */; };
		6595B7502424B7B000816903 /* libopencv_dnn.4.2.0.dylib in Frameworks */ = {isa = PBXBuildFile; fileRef = 6595B71E2424B7AE00816903 /* libopencv_dnn.4.2.0.dylib */; };
		6595B7512424B7B000816903 /* libopencv_face.4.2.0.dylib in Frameworks */ = {isa = PBXBuildFile; fileRef = 6595B71F2424B7AE00816903 /* libopencv_face.4.2.0.dylib */; };
		6595B7522424B7B000816903 /* libopencv_text.4.2.0.dylib in Frameworks */ = {isa = PBXBuildFile; fileRef = 6595B7202424B7AE00816903 /* libopencv_text.4.2.0.dylib */; };
		6595B7532424B7B000816903 /* libopencv_shape.4.2.0.dylib in Frameworks */ = {isa = PBXBuildFile; fileRef = 6595B7212424B7AE00816903 /* libopencv_shape.4.2.0.dylib */; };
		6595B7542424B7B000816903 /* libopencv_img_hash.4.2.0.dylib in Frameworks */ = {isa = PBXBuildFile; fileRef = 6595B7222424B7AE00816903 /* libopencv_img_hash.4.2.0.dylib */; };
		6595B7552424B7B000816903 /* libopencv_xobjdetect.4.2.0.dylib in Frameworks */ = {isa = PBXBuildFile; fileRef = 6595B7232424B7AE00816903 /* libopencv_xobjdetect.4.2.0.dylib */; };
		6595B7562424B7B000816903 /* libopencv_imgcodecs.4.2.0.dylib in Frameworks */ = {isa = PBXBuildFile; fileRef = 6595B7242424B7AE00816903 /* libopencv_imgcodecs.4.2.0.dylib */; };
		6595B7572424B7B000816903 /* libopencv_fuzzy.4.2.0.dylib in Frameworks */ = {isa = PBXBuildFile; fileRef = 6595B7252424B7AE00816903 /* libopencv_fuzzy.4.2.0.dylib */; };
		6595B7582424B7B000816903 /* libopencv_dnn_superres.4.2.0.dylib in Frameworks */ = {isa = PBXBuildFile; fileRef = 6595B7262424B7AE00816903 /* libopencv_dnn_superres.4.2.0.dylib */; };
		6595B7592424B7B000816903 /* libopencv_phase_unwrapping.4.2.0.dylib in Frameworks */ = {isa = PBXBuildFile; fileRef = 6595B7272424B7AE00816903 /* libopencv_phase_unwrapping.4.2.0.dylib */; };
		6595B75A2424B7B000816903 /* libopencv_optflow.4.2.0.dylib in Frameworks */ = {isa = PBXBuildFile; fileRef = 6595B7282424B7AE00816903 /* libopencv_optflow.4.2.0.dylib */; };
		6595B75B2424B7B000816903 /* libopencv_bioinspired.4.2.0.dylib in Frameworks */ = {isa = PBXBuildFile; fileRef = 6595B7292424B7AE00816903 /* libopencv_bioinspired.4.2.0.dylib */; };
		6595B75C2424B7B000816903 /* libopencv_core.4.2.0.dylib in Frameworks */ = {isa = PBXBuildFile; fileRef = 6595B72A2424B7AE00816903 /* libopencv_core.4.2.0.dylib */; };
		6595B75D2424B7B000816903 /* libopencv_superres.4.2.0.dylib in Frameworks */ = {isa = PBXBuildFile; fileRef = 6595B72B2424B7AE00816903 /* libopencv_superres.4.2.0.dylib */; };
		6595B75E2424B7B000816903 /* libopencv_videostab.4.2.0.dylib in Frameworks */ = {isa = PBXBuildFile; fileRef = 6595B72C2424B7AF00816903 /* libopencv_videostab.4.2.0.dylib */; };
		6595B75F2424B7B000816903 /* libopencv_photo.4.2.0.dylib in Frameworks */ = {isa = PBXBuildFile; fileRef = 6595B72D2424B7AF00816903 /* libopencv_photo.4.2.0.dylib */; };
		6595B7602424B7B000816903 /* libopencv_line_descriptor.4.2.0.dylib in Frameworks */ = {isa = PBXBuildFile; fileRef = 6595B72E2424B7AF00816903 /* libopencv_line_descriptor.4.2.0.dylib */; };
		6595B7612424B7B000816903 /* libopencv_videoio.4.2.0.dylib in Frameworks */ = {isa = PBXBuildFile; fileRef = 6595B72F2424B7AF00816903 /* libopencv_videoio.4.2.0.dylib */; };
		6595B7622424B7B000816903 /* libopencv_surface_matching.4.2.0.dylib in Frameworks */ = {isa = PBXBuildFile; fileRef = 6595B7302424B7AF00816903 /* libopencv_surface_matching.4.2.0.dylib */; };
		6595B7632424B7B000816903 /* libopencv_flann.4.2.0.dylib in Frameworks */ = {isa = PBXBuildFile; fileRef = 6595B7312424B7AF00816903 /* libopencv_flann.4.2.0.dylib */; };
		6595B7642424B7B000816903 /* libopencv_freetype.4.2.0.dylib in Frameworks */ = {isa = PBXBuildFile; fileRef = 6595B7322424B7AF00816903 /* libopencv_freetype.4.2.0.dylib */; };
		6595B7652424B7B000816903 /* libopencv_xphoto.4.2.0.dylib in Frameworks */ = {isa = PBXBuildFile; fileRef = 6595B7332424B7AF00816903 /* libopencv_xphoto.4.2.0.dylib */; };
		6595B7662424B7B000816903 /* libopencv_rgbd.4.2.0.dylib in Frameworks */ = {isa = PBXBuildFile; fileRef = 6595B7342424B7AF00816903 /* libopencv_rgbd.4.2.0.dylib */; };
		6595B7672424B7B000816903 /* libopencv_saliency.4.2.0.dylib in Frameworks */ = {isa = PBXBuildFile; fileRef = 6595B7362424B7AF00816903 /* libopencv_saliency.4.2.0.dylib */; };
		6595B7682424B7B000816903 /* libopencv_xfeatures2d.4.2.0.dylib in Frameworks */ = {isa = PBXBuildFile; fileRef = 6595B7372424B7AF00816903 /* libopencv_xfeatures2d.4.2.0.dylib */; };
		6595B7692424B7B000816903 /* libopencv_imgproc.4.2.0.dylib in Frameworks */ = {isa = PBXBuildFile; fileRef = 6595B7382424B7AF00816903 /* libopencv_imgproc.4.2.0.dylib */; };
		6595B76A2424B7B000816903 /* libopencv_ccalib.4.2.0.dylib in Frameworks */ = {isa = PBXBuildFile; fileRef = 6595B7392424B7AF00816903 /* libopencv_ccalib.4.2.0.dylib */; };
		6595B76B2424B7B000816903 /* libopencv_quality.4.2.0.dylib in Frameworks */ = {isa = PBXBuildFile; fileRef = 6595B73A2424B7AF00816903 /* libopencv_quality.4.2.0.dylib */; };
		6595B76C2424B7B000816903 /* libopencv_gapi.4.2.0.dylib in Frameworks */ = {isa = PBXBuildFile; fileRef = 6595B73B2424B7AF00816903 /* libopencv_gapi.4.2.0.dylib */; };
		6595B76D2424B7B000816903 /* libopencv_datasets.4.2.0.dylib in Frameworks */ = {isa = PBXBuildFile; fileRef = 6595B73C2424B7B000816903 /* libopencv_datasets.4.2.0.dylib */; };
		6595B76E2424B7B000816903 /* libopencv_calib3d.4.2.0.dylib in Frameworks */ = {isa = PBXBuildFile; fileRef = 6595B73D2424B7B000816903 /* libopencv_calib3d.4.2.0.dylib */; };
		6595B76F2424B7B000816903 /* libopencv_bgsegm.4.2.0.dylib in Frameworks */ = {isa = PBXBuildFile; fileRef = 6595B73E2424B7B000816903 /* libopencv_bgsegm.4.2.0.dylib */; };
		6595B7702424B7B000816903 /* libopencv_dpm.4.2.0.dylib in Frameworks */ = {isa = PBXBuildFile; fileRef = 6595B73F2424B7B000816903 /* libopencv_dpm.4.2.0.dylib */; };
		6595B7712424B7B000816903 /* libopencv_reg.4.2.0.dylib in Frameworks */ = {isa = PBXBuildFile; fileRef = 6595B7402424B7B000816903 /* libopencv_reg.4.2.0.dylib */; };
		6595B7722424B7B000816903 /* libopencv_dnn_objdetect.4.2.0.dylib in Frameworks */ = {isa = PBXBuildFile; fileRef = 6595B7412424B7B000816903 /* libopencv_dnn_objdetect.4.2.0.dylib */; };
/* End PBXBuildFile section */

/* Begin PBXCopyFilesBuildPhase section */
		656DFA3524249DEB00D7AF2A /* CopyFiles */ = {
			isa = PBXCopyFilesBuildPhase;
			buildActionMask = 2147483647;
			dstPath = /usr/share/man/man1/;
			dstSubfolderSpec = 0;
			files = (
			);
			runOnlyForDeploymentPostprocessing = 1;
		};
/* End PBXCopyFilesBuildPhase section */

/* Begin PBXFileReference section */
		656DFA3724249DEB00D7AF2A /* opengcv_demo */ = {isa = PBXFileReference; explicitFileType = "compiled.mach-o.executable"; includeInIndex = 0; path = opengcv_demo; sourceTree = BUILT_PRODUCTS_DIR; };
		656DFA3A24249DEB00D7AF2A /* main.cpp */ = {isa = PBXFileReference; lastKnownFileType = sourcecode.cpp.cpp; path = main.cpp; sourceTree = "<group>"; };
		656DFA422424A0B500D7AF2A /* images */ = {isa = PBXFileReference; lastKnownFileType = folder; path = images; sourceTree = "<group>"; };
		65924A1F24261930003154CA /* .gitignore */ = {isa = PBXFileReference; lastKnownFileType = text; path = .gitignore; sourceTree = "<group>"; };
		6595B70C2424B53C00816903 /* lena.jpg */ = {isa = PBXFileReference; lastKnownFileType = image.jpeg; path = lena.jpg; sourceTree = "<group>"; };
		6595B70E2424B7AD00816903 /* libopencv_plot.4.2.0.dylib */ = {isa = PBXFileReference; lastKnownFileType = "compiled.mach-o.dylib"; name = libopencv_plot.4.2.0.dylib; path = ../../../../../../../../../usr/local/Cellar/opencv/4.2.0_1/lib/libopencv_plot.4.2.0.dylib; sourceTree = "<group>"; };
		6595B70F2424B7AD00816903 /* python3.7 */ = {isa = PBXFileReference; lastKnownFileType = folder; name = python3.7; path = ../../../../../../../../../usr/local/Cellar/opencv/4.2.0_1/lib/python3.7; sourceTree = "<group>"; };
		6595B7102424B7AD00816903 /* libopencv_hfs.4.2.0.dylib */ = {isa = PBXFileReference; lastKnownFileType = "compiled.mach-o.dylib"; name = libopencv_hfs.4.2.0.dylib; path = ../../../../../../../../../usr/local/Cellar/opencv/4.2.0_1/lib/libopencv_hfs.4.2.0.dylib; sourceTree = "<group>"; };
		6595B7112424B7AD00816903 /* libopencv_structured_light.4.2.0.dylib */ = {isa = PBXFileReference; lastKnownFileType = "compiled.mach-o.dylib"; name = libopencv_structured_light.4.2.0.dylib; path = ../../../../../../../../../usr/local/Cellar/opencv/4.2.0_1/lib/libopencv_structured_light.4.2.0.dylib; sourceTree = "<group>"; };
		6595B7122424B7AD00816903 /* libopencv_sfm.4.2.0.dylib */ = {isa = PBXFileReference; lastKnownFileType = "compiled.mach-o.dylib"; name = libopencv_sfm.4.2.0.dylib; path = ../../../../../../../../../usr/local/Cellar/opencv/4.2.0_1/lib/libopencv_sfm.4.2.0.dylib; sourceTree = "<group>"; };
		6595B7132424B7AD00816903 /* libopencv_stereo.4.2.0.dylib */ = {isa = PBXFileReference; lastKnownFileType = "compiled.mach-o.dylib"; name = libopencv_stereo.4.2.0.dylib; path = ../../../../../../../../../usr/local/Cellar/opencv/4.2.0_1/lib/libopencv_stereo.4.2.0.dylib; sourceTree = "<group>"; };
		6595B7142424B7AE00816903 /* libopencv_aruco.4.2.0.dylib */ = {isa = PBXFileReference; lastKnownFileType = "compiled.mach-o.dylib"; name = libopencv_aruco.4.2.0.dylib; path = ../../../../../../../../../usr/local/Cellar/opencv/4.2.0_1/lib/libopencv_aruco.4.2.0.dylib; sourceTree = "<group>"; };
		6595B7152424B7AE00816903 /* libopencv_video.4.2.0.dylib */ = {isa = PBXFileReference; lastKnownFileType = "compiled.mach-o.dylib"; name = libopencv_video.4.2.0.dylib; path = ../../../../../../../../../usr/local/Cellar/opencv/4.2.0_1/lib/libopencv_video.4.2.0.dylib; sourceTree = "<group>"; };
		6595B7162424B7AE00816903 /* pkgconfig */ = {isa = PBXFileReference; lastKnownFileType = folder; name = pkgconfig; path = ../../../../../../../../../usr/local/Cellar/opencv/4.2.0_1/lib/pkgconfig; sourceTree = "<group>"; };
		6595B7172424B7AE00816903 /* libopencv_ximgproc.4.2.0.dylib */ = {isa = PBXFileReference; lastKnownFileType = "compiled.mach-o.dylib"; name = libopencv_ximgproc.4.2.0.dylib; path = ../../../../../../../../../usr/local/Cellar/opencv/4.2.0_1/lib/libopencv_ximgproc.4.2.0.dylib; sourceTree = "<group>"; };
		6595B7182424B7AE00816903 /* libopencv_objdetect.4.2.0.dylib */ = {isa = PBXFileReference; lastKnownFileType = "compiled.mach-o.dylib"; name = libopencv_objdetect.4.2.0.dylib; path = ../../../../../../../../../usr/local/Cellar/opencv/4.2.0_1/lib/libopencv_objdetect.4.2.0.dylib; sourceTree = "<group>"; };
		6595B7192424B7AE00816903 /* libopencv_ml.4.2.0.dylib */ = {isa = PBXFileReference; lastKnownFileType = "compiled.mach-o.dylib"; name = libopencv_ml.4.2.0.dylib; path = ../../../../../../../../../usr/local/Cellar/opencv/4.2.0_1/lib/libopencv_ml.4.2.0.dylib; sourceTree = "<group>"; };
		6595B71A2424B7AE00816903 /* libopencv_highgui.4.2.0.dylib */ = {isa = PBXFileReference; lastKnownFileType = "compiled.mach-o.dylib"; name = libopencv_highgui.4.2.0.dylib; path = ../../../../../../../../../usr/local/Cellar/opencv/4.2.0_1/lib/libopencv_highgui.4.2.0.dylib; sourceTree = "<group>"; };
		6595B71B2424B7AE00816903 /* libopencv_tracking.4.2.0.dylib */ = {isa = PBXFileReference; lastKnownFileType = "compiled.mach-o.dylib"; name = libopencv_tracking.4.2.0.dylib; path = ../../../../../../../../../usr/local/Cellar/opencv/4.2.0_1/lib/libopencv_tracking.4.2.0.dylib; sourceTree = "<group>"; };
		6595B71C2424B7AE00816903 /* libopencv_stitching.4.2.0.dylib */ = {isa = PBXFileReference; lastKnownFileType = "compiled.mach-o.dylib"; name = libopencv_stitching.4.2.0.dylib; path = ../../../../../../../../../usr/local/Cellar/opencv/4.2.0_1/lib/libopencv_stitching.4.2.0.dylib; sourceTree = "<group>"; };
		6595B71D2424B7AE00816903 /* libopencv_features2d.4.2.0.dylib */ = {isa = PBXFileReference; lastKnownFileType = "compiled.mach-o.dylib"; name = libopencv_features2d.4.2.0.dylib; path = ../../../../../../../../../usr/local/Cellar/opencv/4.2.0_1/lib/libopencv_features2d.4.2.0.dylib; sourceTree = "<group>"; };
		6595B71E2424B7AE00816903 /* libopencv_dnn.4.2.0.dylib */ = {isa = PBXFileReference; lastKnownFileType = "compiled.mach-o.dylib"; name = libopencv_dnn.4.2.0.dylib; path = ../../../../../../../../../usr/local/Cellar/opencv/4.2.0_1/lib/libopencv_dnn.4.2.0.dylib; sourceTree = "<group>"; };
		6595B71F2424B7AE00816903 /* libopencv_face.4.2.0.dylib */ = {isa = PBXFileReference; lastKnownFileType = "compiled.mach-o.dylib"; name = libopencv_face.4.2.0.dylib; path = ../../../../../../../../../usr/local/Cellar/opencv/4.2.0_1/lib/libopencv_face.4.2.0.dylib; sourceTree = "<group>"; };
		6595B7202424B7AE00816903 /* libopencv_text.4.2.0.dylib */ = {isa = PBXFileReference; lastKnownFileType = "compiled.mach-o.dylib"; name = libopencv_text.4.2.0.dylib; path = ../../../../../../../../../usr/local/Cellar/opencv/4.2.0_1/lib/libopencv_text.4.2.0.dylib; sourceTree = "<group>"; };
		6595B7212424B7AE00816903 /* libopencv_shape.4.2.0.dylib */ = {isa = PBXFileReference; lastKnownFileType = "compiled.mach-o.dylib"; name = libopencv_shape.4.2.0.dylib; path = ../../../../../../../../../usr/local/Cellar/opencv/4.2.0_1/lib/libopencv_shape.4.2.0.dylib; sourceTree = "<group>"; };
		6595B7222424B7AE00816903 /* libopencv_img_hash.4.2.0.dylib */ = {isa = PBXFileReference; lastKnownFileType = "compiled.mach-o.dylib"; name = libopencv_img_hash.4.2.0.dylib; path = ../../../../../../../../../usr/local/Cellar/opencv/4.2.0_1/lib/libopencv_img_hash.4.2.0.dylib; sourceTree = "<group>"; };
		6595B7232424B7AE00816903 /* libopencv_xobjdetect.4.2.0.dylib */ = {isa = PBXFileReference; lastKnownFileType = "compiled.mach-o.dylib"; name = libopencv_xobjdetect.4.2.0.dylib; path = ../../../../../../../../../usr/local/Cellar/opencv/4.2.0_1/lib/libopencv_xobjdetect.4.2.0.dylib; sourceTree = "<group>"; };
		6595B7242424B7AE00816903 /* libopencv_imgcodecs.4.2.0.dylib */ = {isa = PBXFileReference; lastKnownFileType = "compiled.mach-o.dylib"; name = libopencv_imgcodecs.4.2.0.dylib; path = ../../../../../../../../../usr/local/Cellar/opencv/4.2.0_1/lib/libopencv_imgcodecs.4.2.0.dylib; sourceTree = "<group>"; };
		6595B7252424B7AE00816903 /* libopencv_fuzzy.4.2.0.dylib */ = {isa = PBXFileReference; lastKnownFileType = "compiled.mach-o.dylib"; name = libopencv_fuzzy.4.2.0.dylib; path = ../../../../../../../../../usr/local/Cellar/opencv/4.2.0_1/lib/libopencv_fuzzy.4.2.0.dylib; sourceTree = "<group>"; };
		6595B7262424B7AE00816903 /* libopencv_dnn_superres.4.2.0.dylib */ = {isa = PBXFileReference; lastKnownFileType = "compiled.mach-o.dylib"; name = libopencv_dnn_superres.4.2.0.dylib; path = ../../../../../../../../../usr/local/Cellar/opencv/4.2.0_1/lib/libopencv_dnn_superres.4.2.0.dylib; sourceTree = "<group>"; };
		6595B7272424B7AE00816903 /* libopencv_phase_unwrapping.4.2.0.dylib */ = {isa = PBXFileReference; lastKnownFileType = "compiled.mach-o.dylib"; name = libopencv_phase_unwrapping.4.2.0.dylib; path = ../../../../../../../../../usr/local/Cellar/opencv/4.2.0_1/lib/libopencv_phase_unwrapping.4.2.0.dylib; sourceTree = "<group>"; };
		6595B7282424B7AE00816903 /* libopencv_optflow.4.2.0.dylib */ = {isa = PBXFileReference; lastKnownFileType = "compiled.mach-o.dylib"; name = libopencv_optflow.4.2.0.dylib; path = ../../../../../../../../../usr/local/Cellar/opencv/4.2.0_1/lib/libopencv_optflow.4.2.0.dylib; sourceTree = "<group>"; };
		6595B7292424B7AE00816903 /* libopencv_bioinspired.4.2.0.dylib */ = {isa = PBXFileReference; lastKnownFileType = "compiled.mach-o.dylib"; name = libopencv_bioinspired.4.2.0.dylib; path = ../../../../../../../../../usr/local/Cellar/opencv/4.2.0_1/lib/libopencv_bioinspired.4.2.0.dylib; sourceTree = "<group>"; };
		6595B72A2424B7AE00816903 /* libopencv_core.4.2.0.dylib */ = {isa = PBXFileReference; lastKnownFileType = "compiled.mach-o.dylib"; name = libopencv_core.4.2.0.dylib; path = ../../../../../../../../../usr/local/Cellar/opencv/4.2.0_1/lib/libopencv_core.4.2.0.dylib; sourceTree = "<group>"; };
		6595B72B2424B7AE00816903 /* libopencv_superres.4.2.0.dylib */ = {isa = PBXFileReference; lastKnownFileType = "compiled.mach-o.dylib"; name = libopencv_superres.4.2.0.dylib; path = ../../../../../../../../../usr/local/Cellar/opencv/4.2.0_1/lib/libopencv_superres.4.2.0.dylib; sourceTree = "<group>"; };
		6595B72C2424B7AF00816903 /* libopencv_videostab.4.2.0.dylib */ = {isa = PBXFileReference; lastKnownFileType = "compiled.mach-o.dylib"; name = libopencv_videostab.4.2.0.dylib; path = ../../../../../../../../../usr/local/Cellar/opencv/4.2.0_1/lib/libopencv_videostab.4.2.0.dylib; sourceTree = "<group>"; };
		6595B72D2424B7AF00816903 /* libopencv_photo.4.2.0.dylib */ = {isa = PBXFileReference; lastKnownFileType = "compiled.mach-o.dylib"; name = libopencv_photo.4.2.0.dylib; path = ../../../../../../../../../usr/local/Cellar/opencv/4.2.0_1/lib/libopencv_photo.4.2.0.dylib; sourceTree = "<group>"; };
		6595B72E2424B7AF00816903 /* libopencv_line_descriptor.4.2.0.dylib */ = {isa = PBXFileReference; lastKnownFileType = "compiled.mach-o.dylib"; name = libopencv_line_descriptor.4.2.0.dylib; path = ../../../../../../../../../usr/local/Cellar/opencv/4.2.0_1/lib/libopencv_line_descriptor.4.2.0.dylib; sourceTree = "<group>"; };
		6595B72F2424B7AF00816903 /* libopencv_videoio.4.2.0.dylib */ = {isa = PBXFileReference; lastKnownFileType = "compiled.mach-o.dylib"; name = libopencv_videoio.4.2.0.dylib; path = ../../../../../../../../../usr/local/Cellar/opencv/4.2.0_1/lib/libopencv_videoio.4.2.0.dylib; sourceTree = "<group>"; };
		6595B7302424B7AF00816903 /* libopencv_surface_matching.4.2.0.dylib */ = {isa = PBXFileReference; lastKnownFileType = "compiled.mach-o.dylib"; name = libopencv_surface_matching.4.2.0.dylib; path = ../../../../../../../../../usr/local/Cellar/opencv/4.2.0_1/lib/libopencv_surface_matching.4.2.0.dylib; sourceTree = "<group>"; };
		6595B7312424B7AF00816903 /* libopencv_flann.4.2.0.dylib */ = {isa = PBXFileReference; lastKnownFileType = "compiled.mach-o.dylib"; name = libopencv_flann.4.2.0.dylib; path = ../../../../../../../../../usr/local/Cellar/opencv/4.2.0_1/lib/libopencv_flann.4.2.0.dylib; sourceTree = "<group>"; };
		6595B7322424B7AF00816903 /* libopencv_freetype.4.2.0.dylib */ = {isa = PBXFileReference; lastKnownFileType = "compiled.mach-o.dylib"; name = libopencv_freetype.4.2.0.dylib; path = ../../../../../../../../../usr/local/Cellar/opencv/4.2.0_1/lib/libopencv_freetype.4.2.0.dylib; sourceTree = "<group>"; };
		6595B7332424B7AF00816903 /* libopencv_xphoto.4.2.0.dylib */ = {isa = PBXFileReference; lastKnownFileType = "compiled.mach-o.dylib"; name = libopencv_xphoto.4.2.0.dylib; path = ../../../../../../../../../usr/local/Cellar/opencv/4.2.0_1/lib/libopencv_xphoto.4.2.0.dylib; sourceTree = "<group>"; };
		6595B7342424B7AF00816903 /* libopencv_rgbd.4.2.0.dylib */ = {isa = PBXFileReference; lastKnownFileType = "compiled.mach-o.dylib"; name = libopencv_rgbd.4.2.0.dylib; path = ../../../../../../../../../usr/local/Cellar/opencv/4.2.0_1/lib/libopencv_rgbd.4.2.0.dylib; sourceTree = "<group>"; };
		6595B7352424B7AF00816903 /* opencv4 */ = {isa = PBXFileReference; lastKnownFileType = folder; name = opencv4; path = ../../../../../../../../../usr/local/Cellar/opencv/4.2.0_1/lib/opencv4; sourceTree = "<group>"; };
		6595B7362424B7AF00816903 /* libopencv_saliency.4.2.0.dylib */ = {isa = PBXFileReference; lastKnownFileType = "compiled.mach-o.dylib"; name = libopencv_saliency.4.2.0.dylib; path = ../../../../../../../../../usr/local/Cellar/opencv/4.2.0_1/lib/libopencv_saliency.4.2.0.dylib; sourceTree = "<group>"; };
		6595B7372424B7AF00816903 /* libopencv_xfeatures2d.4.2.0.dylib */ = {isa = PBXFileReference; lastKnownFileType = "compiled.mach-o.dylib"; name = libopencv_xfeatures2d.4.2.0.dylib; path = ../../../../../../../../../usr/local/Cellar/opencv/4.2.0_1/lib/libopencv_xfeatures2d.4.2.0.dylib; sourceTree = "<group>"; };
		6595B7382424B7AF00816903 /* libopencv_imgproc.4.2.0.dylib */ = {isa = PBXFileReference; lastKnownFileType = "compiled.mach-o.dylib"; name = libopencv_imgproc.4.2.0.dylib; path = ../../../../../../../../../usr/local/Cellar/opencv/4.2.0_1/lib/libopencv_imgproc.4.2.0.dylib; sourceTree = "<group>"; };
		6595B7392424B7AF00816903 /* libopencv_ccalib.4.2.0.dylib */ = {isa = PBXFileReference; lastKnownFileType = "compiled.mach-o.dylib"; name = libopencv_ccalib.4.2.0.dylib; path = ../../../../../../../../../usr/local/Cellar/opencv/4.2.0_1/lib/libopencv_ccalib.4.2.0.dylib; sourceTree = "<group>"; };
		6595B73A2424B7AF00816903 /* libopencv_quality.4.2.0.dylib */ = {isa = PBXFileReference; lastKnownFileType = "compiled.mach-o.dylib"; name = libopencv_quality.4.2.0.dylib; path = ../../../../../../../../../usr/local/Cellar/opencv/4.2.0_1/lib/libopencv_quality.4.2.0.dylib; sourceTree = "<group>"; };
		6595B73B2424B7AF00816903 /* libopencv_gapi.4.2.0.dylib */ = {isa = PBXFileReference; lastKnownFileType = "compiled.mach-o.dylib"; name = libopencv_gapi.4.2.0.dylib; path = ../../../../../../../../../usr/local/Cellar/opencv/4.2.0_1/lib/libopencv_gapi.4.2.0.dylib; sourceTree = "<group>"; };
		6595B73C2424B7B000816903 /* libopencv_datasets.4.2.0.dylib */ = {isa = PBXFileReference; lastKnownFileType = "compiled.mach-o.dylib"; name = libopencv_datasets.4.2.0.dylib; path = ../../../../../../../../../usr/local/Cellar/opencv/4.2.0_1/lib/libopencv_datasets.4.2.0.dylib; sourceTree = "<group>"; };
		6595B73D2424B7B000816903 /* libopencv_calib3d.4.2.0.dylib */ = {isa = PBXFileReference; lastKnownFileType = "compiled.mach-o.dylib"; name = libopencv_calib3d.4.2.0.dylib; path = ../../../../../../../../../usr/local/Cellar/opencv/4.2.0_1/lib/libopencv_calib3d.4.2.0.dylib; sourceTree = "<group>"; };
		6595B73E2424B7B000816903 /* libopencv_bgsegm.4.2.0.dylib */ = {isa = PBXFileReference; lastKnownFileType = "compiled.mach-o.dylib"; name = libopencv_bgsegm.4.2.0.dylib; path = ../../../../../../../../../usr/local/Cellar/opencv/4.2.0_1/lib/libopencv_bgsegm.4.2.0.dylib; sourceTree = "<group>"; };
		6595B73F2424B7B000816903 /* libopencv_dpm.4.2.0.dylib */ = {isa = PBXFileReference; lastKnownFileType = "compiled.mach-o.dylib"; name = libopencv_dpm.4.2.0.dylib; path = ../../../../../../../../../usr/local/Cellar/opencv/4.2.0_1/lib/libopencv_dpm.4.2.0.dylib; sourceTree = "<group>"; };
		6595B7402424B7B000816903 /* libopencv_reg.4.2.0.dylib */ = {isa = PBXFileReference; lastKnownFileType = "compiled.mach-o.dylib"; name = libopencv_reg.4.2.0.dylib; path = ../../../../../../../../../usr/local/Cellar/opencv/4.2.0_1/lib/libopencv_reg.4.2.0.dylib; sourceTree = "<group>"; };
		6595B7412424B7B000816903 /* libopencv_dnn_objdetect.4.2.0.dylib */ = {isa = PBXFileReference; lastKnownFileType = "compiled.mach-o.dylib"; name = libopencv_dnn_objdetect.4.2.0.dylib; path = ../../../../../../../../../usr/local/Cellar/opencv/4.2.0_1/lib/libopencv_dnn_objdetect.4.2.0.dylib; sourceTree = "<group>"; };
/* End PBXFileReference section */

/* Begin PBXFrameworksBuildPhase section */
		656DFA3424249DEB00D7AF2A /* Frameworks */ = {
			isa = PBXFrameworksBuildPhase;
			buildActionMask = 2147483647;
			files = (
				6595B75B2424B7B000816903 /* libopencv_bioinspired.4.2.0.dylib in Frameworks */,
				6595B7692424B7B000816903 /* libopencv_imgproc.4.2.0.dylib in Frameworks */,
				6595B7632424B7B000816903 /* libopencv_flann.4.2.0.dylib in Frameworks */,
				6595B74F2424B7B000816903 /* libopencv_features2d.4.2.0.dylib in Frameworks */,
				6595B7422424B7B000816903 /* libopencv_plot.4.2.0.dylib in Frameworks */,
				6595B7432424B7B000816903 /* libopencv_hfs.4.2.0.dylib in Frameworks */,
				6595B76E2424B7B000816903 /* libopencv_calib3d.4.2.0.dylib in Frameworks */,
				6595B7622424B7B000816903 /* libopencv_surface_matching.4.2.0.dylib in Frameworks */,
				6595B7502424B7B000816903 /* libopencv_dnn.4.2.0.dylib in Frameworks */,
				6595B74C2424B7B000816903 /* libopencv_highgui.4.2.0.dylib in Frameworks */,
				6595B75D2424B7B000816903 /* libopencv_superres.4.2.0.dylib in Frameworks */,
				6595B76A2424B7B000816903 /* libopencv_ccalib.4.2.0.dylib in Frameworks */,
				6595B76B2424B7B000816903 /* libopencv_quality.4.2.0.dylib in Frameworks */,
				6595B7662424B7B000816903 /* libopencv_rgbd.4.2.0.dylib in Frameworks */,
				6595B7532424B7B000816903 /* libopencv_shape.4.2.0.dylib in Frameworks */,
				6595B7672424B7B000816903 /* libopencv_saliency.4.2.0.dylib in Frameworks */,
				6595B7682424B7B000816903 /* libopencv_xfeatures2d.4.2.0.dylib in Frameworks */,
				6595B76C2424B7B000816903 /* libopencv_gapi.4.2.0.dylib in Frameworks */,
				6595B7492424B7B000816903 /* libopencv_ximgproc.4.2.0.dylib in Frameworks */,
				6595B7582424B7B000816903 /* libopencv_dnn_superres.4.2.0.dylib in Frameworks */,
				6595B74D2424B7B000816903 /* libopencv_tracking.4.2.0.dylib in Frameworks */,
				6595B75C2424B7B000816903 /* libopencv_core.4.2.0.dylib in Frameworks */,
				6595B7562424B7B000816903 /* libopencv_imgcodecs.4.2.0.dylib in Frameworks */,
				6595B76D2424B7B000816903 /* libopencv_datasets.4.2.0.dylib in Frameworks */,
				6595B7472424B7B000816903 /* libopencv_aruco.4.2.0.dylib in Frameworks */,
				6595B74A2424B7B000816903 /* libopencv_objdetect.4.2.0.dylib in Frameworks */,
				6595B7712424B7B000816903 /* libopencv_reg.4.2.0.dylib in Frameworks */,
				6595B7612424B7B000816903 /* libopencv_videoio.4.2.0.dylib in Frameworks */,
				6595B75E2424B7B000816903 /* libopencv_videostab.4.2.0.dylib in Frameworks */,
				6595B75F2424B7B000816903 /* libopencv_photo.4.2.0.dylib in Frameworks */,
				6595B7592424B7B000816903 /* libopencv_phase_unwrapping.4.2.0.dylib in Frameworks */,
				6595B7652424B7B000816903 /* libopencv_xphoto.4.2.0.dylib in Frameworks */,
				6595B7552424B7B000816903 /* libopencv_xobjdetect.4.2.0.dylib in Frameworks */,
				6595B7542424B7B000816903 /* libopencv_img_hash.4.2.0.dylib in Frameworks */,
				6595B7642424B7B000816903 /* libopencv_freetype.4.2.0.dylib in Frameworks */,
				6595B76F2424B7B000816903 /* libopencv_bgsegm.4.2.0.dylib in Frameworks */,
				6595B7452424B7B000816903 /* libopencv_sfm.4.2.0.dylib in Frameworks */,
				6595B7572424B7B000816903 /* libopencv_fuzzy.4.2.0.dylib in Frameworks */,
				6595B7722424B7B000816903 /* libopencv_dnn_objdetect.4.2.0.dylib in Frameworks */,
				6595B75A2424B7B000816903 /* libopencv_optflow.4.2.0.dylib in Frameworks */,
				6595B7522424B7B000816903 /* libopencv_text.4.2.0.dylib in Frameworks */,
				6595B7702424B7B000816903 /* libopencv_dpm.4.2.0.dylib in Frameworks */,
				6595B74B2424B7B000816903 /* libopencv_ml.4.2.0.dylib in Frameworks */,
				6595B7602424B7B000816903 /* libopencv_line_descriptor.4.2.0.dylib in Frameworks */,
				6595B74E2424B7B000816903 /* libopencv_stitching.4.2.0.dylib in Frameworks */,
				6595B7512424B7B000816903 /* libopencv_face.4.2.0.dylib in Frameworks */,
				6595B7442424B7B000816903 /* libopencv_structured_light.4.2.0.dylib in Frameworks */,
				6595B7462424B7B000816903 /* libopencv_stereo.4.2.0.dylib in Frameworks */,
				6595B7482424B7B000816903 /* libopencv_video.4.2.0.dylib in Frameworks */,
			);
			runOnlyForDeploymentPostprocessing = 0;
		};
/* End PBXFrameworksBuildPhase section */

/* Begin PBXGroup section */
		656DFA2E24249DEA00D7AF2A = {
			isa = PBXGroup;
			children = (
				656DFA3924249DEB00D7AF2A /* opengcv_demo */,
				656DFA3824249DEB00D7AF2A /* Products */,
				6595B70C2424B53C00816903 /* lena.jpg */,
			);
			sourceTree = "<group>";
		};
		656DFA3824249DEB00D7AF2A /* Products */ = {
			isa = PBXGroup;
			children = (
				656DFA3724249DEB00D7AF2A /* opengcv_demo */,
			);
			name = Products;
			sourceTree = "<group>";
		};
		656DFA3924249DEB00D7AF2A /* opengcv_demo */ = {
			isa = PBXGroup;
			children = (
				6595B70D2424B69E00816903 /* lib */,
				656DFA422424A0B500D7AF2A /* images */,
				656DFA4124249FE400D7AF2A /* src */,
				65924A1F24261930003154CA /* .gitignore */,
			);
			path = opengcv_demo;
			sourceTree = "<group>";
		};
		656DFA4124249FE400D7AF2A /* src */ = {
			isa = PBXGroup;
			children = (
				656DFA3A24249DEB00D7AF2A /* main.cpp */,
			);
			path = src;
			sourceTree = "<group>";
		};
		6595B70D2424B69E00816903 /* lib */ = {
			isa = PBXGroup;
			children = (
				6595B7142424B7AE00816903 /* libopencv_aruco.4.2.0.dylib */,
				6595B73E2424B7B000816903 /* libopencv_bgsegm.4.2.0.dylib */,
				6595B7292424B7AE00816903 /* libopencv_bioinspired.4.2.0.dylib */,
				6595B73D2424B7B000816903 /* libopencv_calib3d.4.2.0.dylib */,
				6595B7392424B7AF00816903 /* libopencv_ccalib.4.2.0.dylib */,
				6595B72A2424B7AE00816903 /* libopencv_core.4.2.0.dylib */,
				6595B73C2424B7B000816903 /* libopencv_datasets.4.2.0.dylib */,
				6595B7412424B7B000816903 /* libopencv_dnn_objdetect.4.2.0.dylib */,
				6595B7262424B7AE00816903 /* libopencv_dnn_superres.4.2.0.dylib */,
				6595B71E2424B7AE00816903 /* libopencv_dnn.4.2.0.dylib */,
				6595B73F2424B7B000816903 /* libopencv_dpm.4.2.0.dylib */,
				6595B71F2424B7AE00816903 /* libopencv_face.4.2.0.dylib */,
				6595B71D2424B7AE00816903 /* libopencv_features2d.4.2.0.dylib */,
				6595B7312424B7AF00816903 /* libopencv_flann.4.2.0.dylib */,
				6595B7322424B7AF00816903 /* libopencv_freetype.4.2.0.dylib */,
				6595B7252424B7AE00816903 /* libopencv_fuzzy.4.2.0.dylib */,
				6595B73B2424B7AF00816903 /* libopencv_gapi.4.2.0.dylib */,
				6595B7102424B7AD00816903 /* libopencv_hfs.4.2.0.dylib */,
				6595B71A2424B7AE00816903 /* libopencv_highgui.4.2.0.dylib */,
				6595B7222424B7AE00816903 /* libopencv_img_hash.4.2.0.dylib */,
				6595B7242424B7AE00816903 /* libopencv_imgcodecs.4.2.0.dylib */,
				6595B7382424B7AF00816903 /* libopencv_imgproc.4.2.0.dylib */,
				6595B72E2424B7AF00816903 /* libopencv_line_descriptor.4.2.0.dylib */,
				6595B7192424B7AE00816903 /* libopencv_ml.4.2.0.dylib */,
				6595B7182424B7AE00816903 /* libopencv_objdetect.4.2.0.dylib */,
				6595B7282424B7AE00816903 /* libopencv_optflow.4.2.0.dylib */,
				6595B7272424B7AE00816903 /* libopencv_phase_unwrapping.4.2.0.dylib */,
				6595B72D2424B7AF00816903 /* libopencv_photo.4.2.0.dylib */,
				6595B70E2424B7AD00816903 /* libopencv_plot.4.2.0.dylib */,
				6595B73A2424B7AF00816903 /* libopencv_quality.4.2.0.dylib */,
				6595B7402424B7B000816903 /* libopencv_reg.4.2.0.dylib */,
				6595B7342424B7AF00816903 /* libopencv_rgbd.4.2.0.dylib */,
				6595B7362424B7AF00816903 /* libopencv_saliency.4.2.0.dylib */,
				6595B7122424B7AD00816903 /* libopencv_sfm.4.2.0.dylib */,
				6595B7212424B7AE00816903 /* libopencv_shape.4.2.0.dylib */,
				6595B7132424B7AD00816903 /* libopencv_stereo.4.2.0.dylib */,
				6595B71C2424B7AE00816903 /* libopencv_stitching.4.2.0.dylib */,
				6595B7112424B7AD00816903 /* libopencv_structured_light.4.2.0.dylib */,
				6595B72B2424B7AE00816903 /* libopencv_superres.4.2.0.dylib */,
				6595B7302424B7AF00816903 /* libopencv_surface_matching.4.2.0.dylib */,
				6595B7202424B7AE00816903 /* libopencv_text.4.2.0.dylib */,
				6595B71B2424B7AE00816903 /* libopencv_tracking.4.2.0.dylib */,
				6595B7152424B7AE00816903 /* libopencv_video.4.2.0.dylib */,
				6595B72F2424B7AF00816903 /* libopencv_videoio.4.2.0.dylib */,
				6595B72C2424B7AF00816903 /* libopencv_videostab.4.2.0.dylib */,
				6595B7372424B7AF00816903 /* libopencv_xfeatures2d.4.2.0.dylib */,
				6595B7172424B7AE00816903 /* libopencv_ximgproc.4.2.0.dylib */,
				6595B7232424B7AE00816903 /* libopencv_xobjdetect.4.2.0.dylib */,
				6595B7332424B7AF00816903 /* libopencv_xphoto.4.2.0.dylib */,
				6595B7352424B7AF00816903 /* opencv4 */,
				6595B7162424B7AE00816903 /* pkgconfig */,
				6595B70F2424B7AD00816903 /* python3.7 */,
			);
			path = lib;
			sourceTree = "<group>";
		};
/* End PBXGroup section */

/* Begin PBXNativeTarget section */
		656DFA3624249DEB00D7AF2A /* opengcv_demo */ = {
			isa = PBXNativeTarget;
			buildConfigurationList = 656DFA3E24249DEB00D7AF2A /* Build configuration list for PBXNativeTarget "opengcv_demo" */;
			buildPhases = (
				656DFA3324249DEB00D7AF2A /* Sources */,
				656DFA3424249DEB00D7AF2A /* Frameworks */,
				656DFA3524249DEB00D7AF2A /* CopyFiles */,
			);
			buildRules = (
			);
			dependencies = (
			);
			name = opengcv_demo;
			productName = opengcv_demo;
			productReference = 656DFA3724249DEB00D7AF2A /* opengcv_demo */;
			productType = "com.apple.product-type.tool";
		};
/* End PBXNativeTarget section */

/* Begin PBXProject section */
		656DFA2F24249DEA00D7AF2A /* Project object */ = {
			isa = PBXProject;
			attributes = {
				LastUpgradeCheck = 1130;
				ORGANIZATIONNAME = Tommy;
				TargetAttributes = {
					656DFA3624249DEB00D7AF2A = {
						CreatedOnToolsVersion = 11.3.1;
					};
				};
			};
			buildConfigurationList = 656DFA3224249DEA00D7AF2A /* Build configuration list for PBXProject "opengcv_demo" */;
			compatibilityVersion = "Xcode 9.3";
			developmentRegion = en;
			hasScannedForEncodings = 0;
			knownRegions = (
				en,
				Base,
			);
			mainGroup = 656DFA2E24249DEA00D7AF2A;
			productRefGroup = 656DFA3824249DEB00D7AF2A /* Products */;
			projectDirPath = "";
			projectRoot = "";
			targets = (
				656DFA3624249DEB00D7AF2A /* opengcv_demo */,
			);
		};
/* End PBXProject section */

/* Begin PBXSourcesBuildPhase section */
		656DFA3324249DEB00D7AF2A /* Sources */ = {
			isa = PBXSourcesBuildPhase;
			buildActionMask = 2147483647;
			files = (
				656DFA3B24249DEB00D7AF2A /* main.cpp in Sources */,
			);
			runOnlyForDeploymentPostprocessing = 0;
		};
/* End PBXSourcesBuildPhase section */

/* Begin XCBuildConfiguration section */
		656DFA3C24249DEB00D7AF2A /* Debug */ = {
			isa = XCBuildConfiguration;
			buildSettings = {
				ALWAYS_SEARCH_USER_PATHS = NO;
				CLANG_ANALYZER_NONNULL = YES;
				CLANG_ANALYZER_NUMBER_OBJECT_CONVERSION = YES_AGGRESSIVE;
				CLANG_CXX_LANGUAGE_STANDARD = "gnu++14";
				CLANG_CXX_LIBRARY = "libc++";
				CLANG_ENABLE_MODULES = YES;
				CLANG_ENABLE_OBJC_ARC = YES;
				CLANG_ENABLE_OBJC_WEAK = YES;
				CLANG_WARN_BLOCK_CAPTURE_AUTORELEASING = YES;
				CLANG_WARN_BOOL_CONVERSION = YES;
				CLANG_WARN_COMMA = YES;
				CLANG_WARN_CONSTANT_CONVERSION = YES;
				CLANG_WARN_DEPRECATED_OBJC_IMPLEMENTATIONS = YES;
				CLANG_WARN_DIRECT_OBJC_ISA_USAGE = YES_ERROR;
				CLANG_WARN_DOCUMENTATION_COMMENTS = YES;
				CLANG_WARN_EMPTY_BODY = YES;
				CLANG_WARN_ENUM_CONVERSION = YES;
				CLANG_WARN_INFINITE_RECURSION = YES;
				CLANG_WARN_INT_CONVERSION = YES;
				CLANG_WARN_NON_LITERAL_NULL_CONVERSION = YES;
				CLANG_WARN_OBJC_IMPLICIT_RETAIN_SELF = YES;
				CLANG_WARN_OBJC_LITERAL_CONVERSION = YES;
				CLANG_WARN_OBJC_ROOT_CLASS = YES_ERROR;
				CLANG_WARN_RANGE_LOOP_ANALYSIS = YES;
				CLANG_WARN_STRICT_PROTOTYPES = YES;
				CLANG_WARN_SUSPICIOUS_MOVE = YES;
				CLANG_WARN_UNGUARDED_AVAILABILITY = YES_AGGRESSIVE;
				CLANG_WARN_UNREACHABLE_CODE = YES;
				CLANG_WARN__DUPLICATE_METHOD_MATCH = YES;
				COPY_PHASE_STRIP = NO;
				DEBUG_INFORMATION_FORMAT = dwarf;
				ENABLE_STRICT_OBJC_MSGSEND = YES;
				ENABLE_TESTABILITY = YES;
				GCC_C_LANGUAGE_STANDARD = gnu11;
				GCC_DYNAMIC_NO_PIC = NO;
				GCC_NO_COMMON_BLOCKS = YES;
				GCC_OPTIMIZATION_LEVEL = 0;
				GCC_PREPROCESSOR_DEFINITIONS = (
					"DEBUG=1",
					"$(inherited)",
				);
				GCC_WARN_64_TO_32_BIT_CONVERSION = YES;
				GCC_WARN_ABOUT_RETURN_TYPE = YES_ERROR;
				GCC_WARN_UNDECLARED_SELECTOR = YES;
				GCC_WARN_UNINITIALIZED_AUTOS = YES_AGGRESSIVE;
				GCC_WARN_UNUSED_FUNCTION = YES;
				GCC_WARN_UNUSED_VARIABLE = YES;
				MACOSX_DEPLOYMENT_TARGET = 10.15;
				MTL_ENABLE_DEBUG_INFO = INCLUDE_SOURCE;
				MTL_FAST_MATH = YES;
				ONLY_ACTIVE_ARCH = YES;
				SDKROOT = macosx;
			};
			name = Debug;
		};
		656DFA3D24249DEB00D7AF2A /* Release */ = {
			isa = XCBuildConfiguration;
			buildSettings = {
				ALWAYS_SEARCH_USER_PATHS = NO;
				CLANG_ANALYZER_NONNULL = YES;
				CLANG_ANALYZER_NUMBER_OBJECT_CONVERSION = YES_AGGRESSIVE;
				CLANG_CXX_LANGUAGE_STANDARD = "gnu++14";
				CLANG_CXX_LIBRARY = "libc++";
				CLANG_ENABLE_MODULES = YES;
				CLANG_ENABLE_OBJC_ARC = YES;
				CLANG_ENABLE_OBJC_WEAK = YES;
				CLANG_WARN_BLOCK_CAPTURE_AUTORELEASING = YES;
				CLANG_WARN_BOOL_CONVERSION = YES;
				CLANG_WARN_COMMA = YES;
				CLANG_WARN_CONSTANT_CONVERSION = YES;
				CLANG_WARN_DEPRECATED_OBJC_IMPLEMENTATIONS = YES;
				CLANG_WARN_DIRECT_OBJC_ISA_USAGE = YES_ERROR;
				CLANG_WARN_DOCUMENTATION_COMMENTS = YES;
				CLANG_WARN_EMPTY_BODY = YES;
				CLANG_WARN_ENUM_CONVERSION = YES;
				CLANG_WARN_INFINITE_RECURSION = YES;
				CLANG_WARN_INT_CONVERSION = YES;
				CLANG_WARN_NON_LITERAL_NULL_CONVERSION = YES;
				CLANG_WARN_OBJC_IMPLICIT_RETAIN_SELF = YES;
				CLANG_WARN_OBJC_LITERAL_CONVERSION = YES;
				CLANG_WARN_OBJC_ROOT_CLASS = YES_ERROR;
				CLANG_WARN_RANGE_LOOP_ANALYSIS = YES;
				CLANG_WARN_STRICT_PROTOTYPES = YES;
				CLANG_WARN_SUSPICIOUS_MOVE = YES;
				CLANG_WARN_UNGUARDED_AVAILABILITY = YES_AGGRESSIVE;
				CLANG_WARN_UNREACHABLE_CODE = YES;
				CLANG_WARN__DUPLICATE_METHOD_MATCH = YES;
				COPY_PHASE_STRIP = NO;
				DEBUG_INFORMATION_FORMAT = "dwarf-with-dsym";
				ENABLE_NS_ASSERTIONS = NO;
				ENABLE_STRICT_OBJC_MSGSEND = YES;
				GCC_C_LANGUAGE_STANDARD = gnu11;
				GCC_NO_COMMON_BLOCKS = YES;
				GCC_WARN_64_TO_32_BIT_CONVERSION = YES;
				GCC_WARN_ABOUT_RETURN_TYPE = YES_ERROR;
				GCC_WARN_UNDECLARED_SELECTOR = YES;
				GCC_WARN_UNINITIALIZED_AUTOS = YES_AGGRESSIVE;
				GCC_WARN_UNUSED_FUNCTION = YES;
				GCC_WARN_UNUSED_VARIABLE = YES;
				MACOSX_DEPLOYMENT_TARGET = 10.15;
				MTL_ENABLE_DEBUG_INFO = NO;
				MTL_FAST_MATH = YES;
				SDKROOT = macosx;
			};
			name = Release;
		};
		656DFA3F24249DEB00D7AF2A /* Debug */ = {
			isa = XCBuildConfiguration;
			buildSettings = {
				CODE_SIGN_STYLE = Automatic;
				HEADER_SEARCH_PATHS = /usr/local/Cellar/opencv/4.2.0_1/include/opencv4;
				LIBRARY_SEARCH_PATHS = /usr/local/Cellar/opencv/4.2.0_1/lib;
				PRODUCT_NAME = "$(TARGET_NAME)";
			};
			name = Debug;
		};
		656DFA4024249DEB00D7AF2A /* Release */ = {
			isa = XCBuildConfiguration;
			buildSettings = {
				CODE_SIGN_STYLE = Automatic;
				HEADER_SEARCH_PATHS = /usr/local/Cellar/opencv/4.2.0_1/include/opencv4;
				LIBRARY_SEARCH_PATHS = (
					"$(inherited)",
					/usr/local/Cellar/opencv/4.2.0_1/lib,
				);
				PRODUCT_NAME = "$(TARGET_NAME)";
			};
			name = Release;
		};
/* End XCBuildConfiguration section */

/* Begin XCConfigurationList section */
		656DFA3224249DEA00D7AF2A /* Build configuration list for PBXProject "opengcv_demo" */ = {
			isa = XCConfigurationList;
			buildConfigurations = (
				656DFA3C24249DEB00D7AF2A /* Debug */,
				656DFA3D24249DEB00D7AF2A /* Release */,
			);
			defaultConfigurationIsVisible = 0;
			defaultConfigurationName = Release;
		};
		656DFA3E24249DEB00D7AF2A /* Build configuration list for PBXNativeTarget "opengcv_demo" */ = {
			isa = XCConfigurationList;
			buildConfigurations = (
				656DFA3F24249DEB00D7AF2A /* Debug */,
				656DFA4024249DEB00D7AF2A /* Release */,
			);
			defaultConfigurationIsVisible = 0;
			defaultConfigurationName = Release;
		};
/* End XCConfigurationList section */
	};
	rootObject = 656DFA2F24249DEA00D7AF2A /* Project object */;
}
